
Microsoft Visual Studio Solution File, Format Version 12.00
# Visual Studio 14
VisualStudioVersion = 14.0.24720.0
MinimumVisualStudioVersion = 10.0.40219.1
Project("{FAE04EC0-301F-11D3-BF4B-00C04F79EFBC}") = "tcPOS", "tcPOS\tcPOS.csproj", "{142B0697-A323-4D6F-ACA3-D9BAE4865539}"
EndProject
Project("{FAE04EC0-301F-11D3-BF4B-00C04F79EFBC}") = "DAL", "DAL\DAL.csproj", "{A5DAAC0A-EE44-4957-917A-A1D4BA92BE79}"
EndProject
Project("{FAE04EC0-301F-11D3-BF4B-00C04F79EFBC}") = "Domain", "Domain\Domain.csproj", "{9B6F424A-9A69-4F08-834A-21EA9D0140E2}"
EndProject
Project("{FAE04EC0-301F-11D3-BF4B-00C04F79EFBC}") = "BL", "Core\BL.csproj", "{DD0505A7-71FA-499A-AC47-98E0AE1A91FD}"
EndProject
Project("{2150E333-8FDC-42A3-9474-1A3956D46DE8}") = "NewFolder1", "NewFolder1", "{702DBC9F-FFFA-4F49-A1F9-F8E747BE234E}"
EndProject
Global
	GlobalSection(SolutionConfigurationPlatforms) = preSolution
		Debug|Any CPU = Debug|Any CPU
		Release|Any CPU = Release|Any CPU
	EndGlobalSection
	GlobalSection(ProjectConfigurationPlatforms) = postSolution
		{142B0697-A323-4D6F-ACA3-D9BAE4865539}.Debug|Any CPU.ActiveCfg = Debug|Any CPU
		{142B0697-A323-4D6F-ACA3-D9BAE4865539}.Debug|Any CPU.Build.0 = Debug|Any CPU
		{142B0697-A323-4D6F-ACA3-D9BAE4865539}.Release|Any CPU.ActiveCfg = Release|Any CPU
		{142B0697-A323-4D6F-ACA3-D9BAE4865539}.Release|Any CPU.Build.0 = Release|Any CPU
		{A5DAAC0A-EE44-4957-917A-A1D4BA92BE79}.Debug|Any CPU.ActiveCfg = Debug|Any CPU
		{A5DAAC0A-EE44-4957-917A-A1D4BA92BE79}.Debug|Any CPU.Build.0 = Debug|Any CPU
		{A5DAAC0A-EE44-4957-917A-A1D4BA92BE79}.Release|Any CPU.ActiveCfg = Release|Any CPU
		{A5DAAC0A-EE44-4957-917A-A1D4BA92BE79}.Release|Any CPU.Build.0 = Release|Any CPU
		{9B6F424A-9A69-4F08-834A-21EA9D0140E2}.Debug|Any CPU.ActiveCfg = Debug|Any CPU
		{9B6F424A-9A69-4F08-834A-21EA9D0140E2}.Debug|Any CPU.Build.0 = Debug|Any CPU
		{9B6F424A-9A69-4F08-834A-21EA9D0140E2}.Release|Any CPU.ActiveCfg = Release|Any CPU
		{9B6F424A-9A69-4F08-834A-21EA9D0140E2}.Release|Any CPU.Build.0 = Release|Any CPU
		{DD0505A7-71FA-499A-AC47-98E0AE1A91FD}.Debug|Any CPU.ActiveCfg = Debug|Any CPU
		{DD0505A7-71FA-499A-AC47-98E0AE1A91FD}.Debug|Any CPU.Build.0 = Debug|Any CPU
		{DD0505A7-71FA-499A-AC47-98E0AE1A91FD}.Release|Any CPU.ActiveCfg = Release|Any CPU
		{DD0505A7-71FA-499A-AC47-98E0AE1A91FD}.Release|Any CPU.Build.0 = Release|Any CPU
	EndGlobalSection
	GlobalSection(SolutionProperties) = preSolution
		HideSolutionNode = FALSE
	EndGlobalSection
EndGlobal
